<Solution>
  <Folder Name="/src/">
    <Project Path="src/MyWorkHub.App/MyWorkHub.App.csproj" />
    <Project Path="src/MyWorkHub.Automation/MyWorkHub.Automation.csproj" />
    <Project Path="src/MyWorkHub.Core/MyWorkHub.Core.csproj" />
    <Project Path="src/MyWorkHub.Infrastructure/MyWorkHub.Infrastructure.csproj" />
    <Project Path="src/MyWorkHub.Presentation/MyWorkHub.Presentation.csproj" />
    <Project Path="src/MyWorkHub.UI/MyWorkHub.UI.csproj" />
  </Folder>
  <Folder Name="/tests/">
    <Project Path="tests/MyWorkHub.Core.Tests/MyWorkHub.Core.Tests.csproj" />
    <Project Path="tests/MyWorkHub.Infrastructure.Tests/MyWorkHub.Infrastructure.Tests.csproj" />
    <Project Path="tests/MyWorkHub.UI.Tests/MyWorkHub.UI.Tests.csproj" />
  </Folder>
</Solution>
